
Microsoft Visual Studio Solution File, Format Version 12.00
# Visual Studio Version 16
VisualStudioVersion = 16.0.34931.43
MinimumVisualStudioVersion = 10.0.40219.1
Project("{FAE04EC0-301F-11D3-BF4B-00C04F79EFBC}") = "CITAR_Lab_Organizer_Beta", "CITAR_Lab_Organizer_Beta.csproj", "{DE23A0A9-12F4-4506-9009-C5E8140A1380}"
EndProject
Global
	GlobalSection(SolutionConfigurationPlatforms) = preSolution
		Debug|Any CPU = Debug|Any CPU
		Release|Any CPU = Release|Any CPU
	EndGlobalSection
	GlobalSection(ProjectConfigurationPlatforms) = postSolution
		{DE23A0A9-12F4-4506-9009-C5E8140A1380}.Debug|Any CPU.ActiveCfg = Debug|Any CPU
		{DE23A0A9-12F4-4506-9009-C5E8140A1380}.Debug|Any CPU.Build.0 = Debug|Any CPU
		{DE23A0A9-12F4-4506-9009-C5E8140A1380}.Release|Any CPU.ActiveCfg = Release|Any CPU
		{DE23A0A9-12F4-4506-9009-C5E8140A1380}.Release|Any CPU.Build.0 = Release|Any CPU
	EndGlobalSection
	GlobalSection(SolutionProperties) = preSolution
		HideSolutionNode = FALSE
	EndGlobalSection
	GlobalSection(ExtensibilityGlobals) = postSolution
		SolutionGuid = {97C0729D-8235-4027-BF57-F4041CFF24CD}
	EndGlobalSection
EndGlobal
